<?xml version="1.0" encoding="UTF-8" standalone="yes" ?>
<CodeBlocks_project_file>
	<FileVersion major="1" minor="6" />
	<Project>
		<Option title="CPP_Lab_1_2" />
		<Option pch_mode="2" />
		<Option compiler="gcc" />
		<Build>
			<Target title="除錯版本(Linux x86)">
				<Option platforms="Unix;Mac;" />
				<Option output="Executables/除錯版本/CPP_Lab_1_2.Linux.x86.executable" prefix_auto="1" extension_auto="0" />
				<Option object_output="Object_files/除錯版本/" />
				<Option type="1" />
				<Option compiler="gcc" />
				<Compiler>
					<Add option="-pedantic" />
					<Add option="-Wall" />
					<Add option="-g" />
				</Compiler>
			</Target>
			<Target title="釋出版本(Linux x86)">
				<Option platforms="Unix;Mac;" />
				<Option output="Executables/釋出版本/CPP_Lab_1_2.Linux.x86.executable" prefix_auto="1" extension_auto="0" />
				<Option object_output="Object_files/釋出版本/" />
				<Option type="1" />
				<Option compiler="gcc" />
				<Compiler>
					<Add option="-O2" />
					<Add option="-pedantic" />
					<Add option="-Wall" />
				</Compiler>
				<Linker>
					<Add option="-s" />
				</Linker>
			</Target>
			<Target title="除錯版本(Windows x86)">
				<Option platforms="Windows;" />
				<Option output="Executables/除錯版本/CPP_Lab_1_2.Windows.x86.exe" prefix_auto="1" extension_auto="0" />
				<Option object_output="Object_files/除錯版本/" />
				<Option type="1" />
				<Option compiler="gcc" />
				<Option use_console_runner="0" />
				<Compiler>
					<Add option="-O2" />
					<Add option="-pedantic" />
					<Add option="-Wall" />
				</Compiler>
				<Linker>
					<Add option="-s" />
				</Linker>
			</Target>
			<Target title="釋出版本(Windows x86)">
				<Option platforms="Windows;" />
				<Option output="Executables/釋出版本/CPP_Lab_1_2.Windows.x86.exe" prefix_auto="1" extension_auto="0" />
				<Option object_output="Object_files/釋出版本/" />
				<Option type="1" />
				<Option compiler="gcc" />
				<Option use_console_runner="0" />
				<Compiler>
					<Add option="-pedantic" />
					<Add option="-Wall" />
				</Compiler>
			</Target>
		</Build>
		<Compiler>
			<Add option="-Wall" />
			<Add option="-fexceptions" />
		</Compiler>
		<Unit filename="Source_code/Sorting_algorithm.c">
			<Option compilerVar="CC" />
		</Unit>
		<Unit filename="Source_code/Sorting_algorithm.h" />
		<Unit filename="Source_code/Swap_algorithm.c">
			<Option compilerVar="CC" />
		</Unit>
		<Unit filename="Source_code/Swap_algorithm.h" />
		<Unit filename="Source_code/io.cpp" />
		<Unit filename="Source_code/io.h" />
		<Unit filename="Source_code/main.cpp" />
		<Unit filename="Source_code/sort.cpp" />
		<Unit filename="Source_code/sort.h" />
		<Unit filename="Source_code/statistics.cpp" />
		<Unit filename="Source_code/statistics.h" />
		<Extensions>
			<code_completion />
			<debugger />
		</Extensions>
	</Project>
</CodeBlocks_project_file>
