
Microsoft Visual Studio Solution File, Format Version 10.00
# Visual C++ Express 2008
Project("{8BC9CEB8-8B4A-11D0-8D11-00A0C91BC942}") = "Lab_6_2", "Lab_6_2.vcproj", "{B332F675-B5E5-4E47-B043-A7D9BB8957C0}"
EndProject
Global
	GlobalSection(SolutionConfigurationPlatforms) = preSolution
		Debug|Win32 = Debug|Win32
		Release|Win32 = Release|Win32
	EndGlobalSection
	GlobalSection(ProjectConfigurationPlatforms) = postSolution
		{B332F675-B5E5-4E47-B043-A7D9BB8957C0}.Debug|Win32.ActiveCfg = Debug|Win32
		{B332F675-B5E5-4E47-B043-A7D9BB8957C0}.Debug|Win32.Build.0 = Debug|Win32
		{B332F675-B5E5-4E47-B043-A7D9BB8957C0}.Release|Win32.ActiveCfg = Release|Win32
		{B332F675-B5E5-4E47-B043-A7D9BB8957C0}.Release|Win32.Build.0 = Release|Win32
	EndGlobalSection
	GlobalSection(SolutionProperties) = preSolution
		HideSolutionNode = FALSE
	EndGlobalSection
EndGlobal
