
Microsoft Visual Studio Solution File, Format Version 10.00
# Visual C++ Express 2008
Project("{8BC9CEB8-8B4A-11D0-8D11-00A0C91BC942}") = "Lab_10_1", "Lab_10_1.vcproj", "{DA84DB53-77FC-4C33-A3D2-845E47A62E13}"
EndProject
Global
	GlobalSection(SolutionConfigurationPlatforms) = preSolution
		Debug|Win32 = Debug|Win32
		Release|Win32 = Release|Win32
	EndGlobalSection
	GlobalSection(ProjectConfigurationPlatforms) = postSolution
		{DA84DB53-77FC-4C33-A3D2-845E47A62E13}.Debug|Win32.ActiveCfg = Debug|Win32
		{DA84DB53-77FC-4C33-A3D2-845E47A62E13}.Debug|Win32.Build.0 = Debug|Win32
		{DA84DB53-77FC-4C33-A3D2-845E47A62E13}.Release|Win32.ActiveCfg = Release|Win32
		{DA84DB53-77FC-4C33-A3D2-845E47A62E13}.Release|Win32.Build.0 = Release|Win32
	EndGlobalSection
	GlobalSection(SolutionProperties) = preSolution
		HideSolutionNode = FALSE
	EndGlobalSection
EndGlobal
