
Microsoft Visual Studio Solution File, Format Version 10.00
# Visual C++ Express 2008
Project("{8BC9CEB8-8B4A-11D0-8D11-00A0C91BC942}") = "Lab_2_4", "Lab_2_4.vcproj", "{419A8D6F-1D30-49C5-8711-1A4ABE4D737E}"
EndProject
Global
	GlobalSection(SolutionConfigurationPlatforms) = preSolution
		Debug|Win32 = Debug|Win32
		Release|Win32 = Release|Win32
	EndGlobalSection
	GlobalSection(ProjectConfigurationPlatforms) = postSolution
		{419A8D6F-1D30-49C5-8711-1A4ABE4D737E}.Debug|Win32.ActiveCfg = Debug|Win32
		{419A8D6F-1D30-49C5-8711-1A4ABE4D737E}.Debug|Win32.Build.0 = Debug|Win32
		{419A8D6F-1D30-49C5-8711-1A4ABE4D737E}.Release|Win32.ActiveCfg = Release|Win32
		{419A8D6F-1D30-49C5-8711-1A4ABE4D737E}.Release|Win32.Build.0 = Release|Win32
	EndGlobalSection
	GlobalSection(SolutionProperties) = preSolution
		HideSolutionNode = FALSE
	EndGlobalSection
EndGlobal
